
Microsoft Visual Studio Solution File, Format Version 12.00
# Visual Studio 15
VisualStudioVersion = 15.0.28307.168
MinimumVisualStudioVersion = 10.0.40219.1
Project("{9A19103F-16F7-4668-BE54-9A1E7A4F7556}") = "Bank", "Bank\Bank.csproj", "{ED25720F-E512-430E-918A-B2A3B308CD0E}"
EndProject
Project("{9A19103F-16F7-4668-BE54-9A1E7A4F7556}") = "BankTest", "BankTest\BankTest.csproj", "{9320EDB4-8999-4452-ADAD-7C00437E4F10}"
EndProject
Project("{E53339B2-1760-4266-BCC7-CA923CBCF16C}") = "docker-compose", "docker-compose.dcproj", "{0C7D23AC-781C-4833-BE02-D5D1A5EED67A}"
EndProject
Global
	GlobalSection(SolutionConfigurationPlatforms) = preSolution
		Debug|Any CPU = Debug|Any CPU
		Release|Any CPU = Release|Any CPU
	EndGlobalSection
	GlobalSection(ProjectConfigurationPlatforms) = postSolution
		{ED25720F-E512-430E-918A-B2A3B308CD0E}.Debug|Any CPU.ActiveCfg = Debug|Any CPU
		{ED25720F-E512-430E-918A-B2A3B308CD0E}.Debug|Any CPU.Build.0 = Debug|Any CPU
		{ED25720F-E512-430E-918A-B2A3B308CD0E}.Release|Any CPU.ActiveCfg = Release|Any CPU
		{ED25720F-E512-430E-918A-B2A3B308CD0E}.Release|Any CPU.Build.0 = Release|Any CPU
		{9320EDB4-8999-4452-ADAD-7C00437E4F10}.Debug|Any CPU.ActiveCfg = Debug|Any CPU
		{9320EDB4-8999-4452-ADAD-7C00437E4F10}.Debug|Any CPU.Build.0 = Debug|Any CPU
		{9320EDB4-8999-4452-ADAD-7C00437E4F10}.Release|Any CPU.ActiveCfg = Release|Any CPU
		{9320EDB4-8999-4452-ADAD-7C00437E4F10}.Release|Any CPU.Build.0 = Release|Any CPU
		{0C7D23AC-781C-4833-BE02-D5D1A5EED67A}.Debug|Any CPU.ActiveCfg = Debug|Any CPU
		{0C7D23AC-781C-4833-BE02-D5D1A5EED67A}.Debug|Any CPU.Build.0 = Debug|Any CPU
		{0C7D23AC-781C-4833-BE02-D5D1A5EED67A}.Release|Any CPU.ActiveCfg = Release|Any CPU
		{0C7D23AC-781C-4833-BE02-D5D1A5EED67A}.Release|Any CPU.Build.0 = Release|Any CPU
	EndGlobalSection
	GlobalSection(SolutionProperties) = preSolution
		HideSolutionNode = FALSE
	EndGlobalSection
	GlobalSection(ExtensibilityGlobals) = postSolution
		SolutionGuid = {AE6E0EBE-0DBA-46E1-91EA-F607B583D015}
	EndGlobalSection
EndGlobal
